<?xml version="1.0" encoding="utf-8"?>
<Project ToolsVersion="4.0" xmlns="http://schemas.microsoft.com/developer/msbuild/2003">
  <ItemGroup>
    <Filter Include="Source Files">
      <UniqueIdentifier>{4FC737F1-C7A5-4376-A066-2A32D752A2FF}</UniqueIdentifier>
      <Extensions>cpp;c;cc;cxx;def;odl;idl;hpj;bat;asm;asmx</Extensions>
    </Filter>
    <Filter Include="Header Files">
      <UniqueIdentifier>{93995380-89BD-4b04-88EB-625FBE52EBFB}</UniqueIdentifier>
      <Extensions>h;hpp;hxx;hm;inl;inc;xsd</Extensions>
    </Filter>
    <Filter Include="Source Files\bots">
      <UniqueIdentifier>{5ee885f2-6ee4-4cf2-a5ee-f4523dfdf0d6}</UniqueIdentifier>
    </Filter>
    <Filter Include="Source Files\usarsim">
      <UniqueIdentifier>{760f9833-1465-402a-be0d-9714b8e1590a}</UniqueIdentifier>
    </Filter>
    <Filter Include="Source Files\slam">
      <UniqueIdentifier>{02dc0ead-035b-4a7c-9076-a3514856e588}</UniqueIdentifier>
    </Filter>
    <Filter Include="Header Files\slam">
      <UniqueIdentifier>{fa33e0e3-2513-4fa0-9fc5-2259e236c545}</UniqueIdentifier>
    </Filter>
    <Filter Include="Header Files\bots">
      <UniqueIdentifier>{3a2ba223-72ec-4e38-af08-fc25dcf92867}</UniqueIdentifier>
    </Filter>
    <Filter Include="Source Files\usarsim\socket">
      <UniqueIdentifier>{fb2b9ada-af86-4095-b97e-41a510e23382}</UniqueIdentifier>
    </Filter>
    <Filter Include="Header Files\usarsim">
      <UniqueIdentifier>{5ea6fab0-4f2b-4d41-8d2d-44541bbee5ab}</UniqueIdentifier>
    </Filter>
    <Filter Include="Header Files\usarsim\socket">
      <UniqueIdentifier>{be0b74b1-9c11-4873-9b8f-b25b0cefc939}</UniqueIdentifier>
    </Filter>
    <Filter Include="Header Files\config">
      <UniqueIdentifier>{7a960c50-fd13-40a0-b9b9-50f0d27fbb1e}</UniqueIdentifier>
    </Filter>
    <Filter Include="Source Files\bots\ardrone">
      <UniqueIdentifier>{c59f775f-781e-4489-b549-df99f55301be}</UniqueIdentifier>
    </Filter>
    <Filter Include="Header Files\bots\ardrone">
      <UniqueIdentifier>{2a5beda0-6e94-4625-a276-40d7622ab580}</UniqueIdentifier>
    </Filter>
    <Filter Include="Source Files\Resource Files">
      <UniqueIdentifier>{67DA6AB6-F800-4c08-8B7A-83BB121AAD01}</UniqueIdentifier>
      <Extensions>rc;ico;cur;bmp;dlg;rc2;rct;bin;rgs;gif;jpg;jpeg;jpe;resx;tiff;tif;png;wav;mfcribbon-ms</Extensions>
    </Filter>
    <Filter Include="Source Files\opencv">
      <UniqueIdentifier>{8d0dcb2c-9690-455e-b0e8-ea1179136d34}</UniqueIdentifier>
    </Filter>
    <Filter Include="Header Files\opencv">
      <UniqueIdentifier>{bd7b194c-10d2-4c69-a650-c7f6be052989}</UniqueIdentifier>
    </Filter>
    <Filter Include="Source Files\line_finder">
      <UniqueIdentifier>{11a47640-04ad-4092-b753-62e47447aa18}</UniqueIdentifier>
    </Filter>
    <Filter Include="Header Files\line_finder">
      <UniqueIdentifier>{7e54de1f-8fb7-48be-87af-8b2bb593d662}</UniqueIdentifier>
    </Filter>
  </ItemGroup>
  <ItemGroup>
    <ClCompile Include="main.cpp">
      <Filter>Source Files</Filter>
    </ClCompile>
    <ClCompile Include="mysocket.cpp">
      <Filter>Source Files\usarsim\socket</Filter>
    </ClCompile>
    <ClCompile Include="usarsim_msgparser.cpp">
      <Filter>Source Files\usarsim</Filter>
    </ClCompile>
    <ClCompile Include="slam.cpp">
      <Filter>Source Files\slam</Filter>
    </ClCompile>
    <ClCompile Include="bot_ardrone.cpp">
      <Filter>Source Files\bots\ardrone</Filter>
    </ClCompile>
    <ClCompile Include="bot_ardrone_usarsim.cpp">
      <Filter>Source Files\bots\ardrone</Filter>
    </ClCompile>
    <ClCompile Include="bot_ardrone_ardronelib.cpp">
      <Filter>Source Files\bots\ardrone</Filter>
    </ClCompile>
    <ClCompile Include="bot_ardrone_keyboard.cpp">
      <Filter>Source Files\bots\ardrone</Filter>
    </ClCompile>
    <ClCompile Include="bot_ardrone_recorder.cpp">
      <Filter>Source Files\bots\ardrone</Filter>
    </ClCompile>
    <ClCompile Include="slam_module_frame.cpp">
      <Filter>Source Files\slam</Filter>
    </ClCompile>
    <ClCompile Include="slam_module_ui.cpp">
      <Filter>Source Files\slam</Filter>
    </ClCompile>
    <ClCompile Include="slam_module_sensor.cpp">
      <Filter>Source Files\slam</Filter>
    </ClCompile>
    <ClCompile Include="opencv_helpers.cpp">
      <Filter>Source Files\opencv</Filter>
    </ClCompile>
    <ClCompile Include="slam_elevation_map.cpp">
      <Filter>Source Files\slam</Filter>
    </ClCompile>
    <ClCompile Include="slam_visual_map.cpp">
      <Filter>Source Files\slam</Filter>
    </ClCompile>
    <ClCompile Include="bot_ardrone_behavior.cpp">
      <Filter>Source Files\bots\ardrone</Filter>
    </ClCompile>
    <ClCompile Include="opencv_ekf.cpp">
      <Filter>Source Files\opencv</Filter>
    </ClCompile>
    <ClCompile Include="bot_ardrone_3dmouse.cpp">
      <Filter>Source Files\bots\ardrone</Filter>
    </ClCompile>
    <ClCompile Include="slam_feature_map.cpp">
      <Filter>Source Files\slam</Filter>
    </ClCompile>
    <ClCompile Include="slam_map.cpp">
      <Filter>Source Files\slam</Filter>
    </ClCompile>
    <ClCompile Include="LineFinder.cpp">
      <Filter>Source Files\line_finder</Filter>
    </ClCompile>
  </ItemGroup>
  <ItemGroup>
    <ClInclude Include="slam.h">
      <Filter>Header Files\slam</Filter>
    </ClInclude>
    <ClInclude Include="mysocket.h">
      <Filter>Header Files\usarsim\socket</Filter>
    </ClInclude>
    <ClInclude Include="usarsim_msgparser.h">
      <Filter>Header Files\usarsim</Filter>
    </ClInclude>
    <ClInclude Include="botinterface.h">
      <Filter>Header Files\bots</Filter>
    </ClInclude>
    <ClInclude Include="bot.h">
      <Filter>Header Files\bots</Filter>
    </ClInclude>
    <ClInclude Include="global.h">
      <Filter>Header Files\config</Filter>
    </ClInclude>
    <ClInclude Include="bot_ardrone.h">
      <Filter>Header Files\bots\ardrone</Filter>
    </ClInclude>
    <ClInclude Include="bot_ardrone_ardronelib.h">
      <Filter>Header Files\bots\ardrone</Filter>
    </ClInclude>
    <ClInclude Include="bot_ardrone_keyboard.h">
      <Filter>Header Files\bots\ardrone</Filter>
    </ClInclude>
    <ClInclude Include="bot_ardrone_recorder.h">
      <Filter>Header Files\bots\ardrone</Filter>
    </ClInclude>
    <ClInclude Include="bot_ardrone_usarsim.h">
      <Filter>Header Files\bots\ardrone</Filter>
    </ClInclude>
    <ClInclude Include="slam_queue.h">
      <Filter>Header Files\slam</Filter>
    </ClInclude>
    <ClInclude Include="slam_module_frame.h">
      <Filter>Header Files\slam</Filter>
    </ClInclude>
    <ClInclude Include="slam_module_ui.h">
      <Filter>Header Files\slam</Filter>
    </ClInclude>
    <ClInclude Include="slam_module_sensor.h">
      <Filter>Header Files\slam</Filter>
    </ClInclude>
    <ClInclude Include="slam_elevation_map.h">
      <Filter>Header Files\slam</Filter>
    </ClInclude>
    <ClInclude Include="slam_visual_map.h">
      <Filter>Header Files\slam</Filter>
    </ClInclude>
    <ClInclude Include="bot_ardrone_behavior.h">
      <Filter>Header Files\bots\ardrone</Filter>
    </ClInclude>
    <ClInclude Include="opencv_helpers.h">
      <Filter>Header Files\opencv</Filter>
    </ClInclude>
    <ClInclude Include="opencv_ekf.h">
      <Filter>Header Files\opencv</Filter>
    </ClInclude>
    <ClInclude Include="bot_ardrone_3dmouse.h">
      <Filter>Header Files\bots\ardrone</Filter>
    </ClInclude>
    <ClInclude Include="slam_feature_map.h">
      <Filter>Header Files\slam</Filter>
    </ClInclude>
    <ClInclude Include="slam_map.h">
      <Filter>Header Files\slam</Filter>
    </ClInclude>
    <ClInclude Include="LineFinder.h">
      <Filter>Header Files\line_finder</Filter>
    </ClInclude>
  </ItemGroup>
  <ItemGroup>
    <None Include="ClassDiagram1.cd" />
  </ItemGroup>
</Project>